// !$*UTF8*$!
{
	archiveVersion = 1;
	classes = {
	};
	objectVersion = 50;
	objects = {

/* Begin PBXBuildFile section */
		A16B9C2225573EED00D887F1 /* YourAccountTableViewController.swift in Sources */ = {isa = PBXBuildFile; fileRef = A16B9C2125573EED00D887F1 /* YourAccountTableViewController.swift */; };
		A16B9C2725574A1100D887F1 /* SocialAccountModel.swift in Sources */ = {isa = PBXBuildFile; fileRef = A16B9C2625574A1100D887F1 /* SocialAccountModel.swift */; };
		A16B9C2C25574B6100D887F1 /* SocialAccountCell.swift in Sources */ = {isa = PBXBuildFile; fileRef = A16B9C2B25574B6100D887F1 /* SocialAccountCell.swift */; };
		A19ACDB62555D789009C04AF /* ImageController.swift in Sources */ = {isa = PBXBuildFile; fileRef = A19ACDB52555D789009C04AF /* ImageController.swift */; };
		A1A88E8D2554FCBE0003AB46 /* AppDelegate.swift in Sources */ = {isa = PBXBuildFile; fileRef = A1A88E8C2554FCBE0003AB46 /* AppDelegate.swift */; };
		A1A88E8F2554FCBE0003AB46 /* SceneDelegate.swift in Sources */ = {isa = PBXBuildFile; fileRef = A1A88E8E2554FCBE0003AB46 /* SceneDelegate.swift */; };
		A1A88E912554FCBE0003AB46 /* TableViewController.swift in Sources */ = {isa = PBXBuildFile; fileRef = A1A88E902554FCBE0003AB46 /* TableViewController.swift */; };
		A1A88E942554FCBE0003AB46 /* Main.storyboard in Resources */ = {isa = PBXBuildFile; fileRef = A1A88E922554FCBE0003AB46 /* Main.storyboard */; };
		A1A88E962554FCC00003AB46 /* Assets.xcassets in Resources */ = {isa = PBXBuildFile; fileRef = A1A88E952554FCC00003AB46 /* Assets.xcassets */; };
		A1A88E992554FCC00003AB46 /* LaunchScreen.storyboard in Resources */ = {isa = PBXBuildFile; fileRef = A1A88E972554FCC00003AB46 /* LaunchScreen.storyboard */; };
		A1A88EA32555022B0003AB46 /* SectionData.swift in Sources */ = {isa = PBXBuildFile; fileRef = A1A88EA22555022B0003AB46 /* SectionData.swift */; };
		A1A88EAA25550BA80003AB46 /* CardCell.swift in Sources */ = {isa = PBXBuildFile; fileRef = A1A88EA925550BA80003AB46 /* CardCell.swift */; };
/* End PBXBuildFile section */

/* Begin PBXFileReference section */
		A16B9C2125573EED00D887F1 /* YourAccountTableViewController.swift */ = {isa = PBXFileReference; lastKnownFileType = sourcecode.swift; path = YourAccountTableViewController.swift; sourceTree = "<group>"; };
		A16B9C2625574A1100D887F1 /* SocialAccountModel.swift */ = {isa = PBXFileReference; lastKnownFileType = sourcecode.swift; path = SocialAccountModel.swift; sourceTree = "<group>"; };
		A16B9C2B25574B6100D887F1 /* SocialAccountCell.swift */ = {isa = PBXFileReference; lastKnownFileType = sourcecode.swift; path = SocialAccountCell.swift; sourceTree = "<group>"; };
		A19ACDB52555D789009C04AF /* ImageController.swift */ = {isa = PBXFileReference; lastKnownFileType = sourcecode.swift; path = ImageController.swift; sourceTree = "<group>"; };
		A1A88E892554FCBE0003AB46 /* PrettyTableView.app */ = {isa = PBXFileReference; explicitFileType = wrapper.application; includeInIndex = 0; path = PrettyTableView.app; sourceTree = BUILT_PRODUCTS_DIR; };
		A1A88E8C2554FCBE0003AB46 /* AppDelegate.swift */ = {isa = PBXFileReference; lastKnownFileType = sourcecode.swift; path = AppDelegate.swift; sourceTree = "<group>"; };
		A1A88E8E2554FCBE0003AB46 /* SceneDelegate.swift */ = {isa = PBXFileReference; lastKnownFileType = sourcecode.swift; path = SceneDelegate.swift; sourceTree = "<group>"; };
		A1A88E902554FCBE0003AB46 /* TableViewController.swift */ = {isa = PBXFileReference; lastKnownFileType = sourcecode.swift; path = TableViewController.swift; sourceTree = "<group>"; };
		A1A88E932554FCBE0003AB46 /* Base */ = {isa = PBXFileReference; lastKnownFileType = file.storyboard; name = Base; path = Base.lproj/Main.storyboard; sourceTree = "<group>"; };
		A1A88E952554FCC00003AB46 /* Assets.xcassets */ = {isa = PBXFileReference; lastKnownFileType = folder.assetcatalog; path = Assets.xcassets; sourceTree = "<group>"; };
		A1A88E982554FCC00003AB46 /* Base */ = {isa = PBXFileReference; lastKnownFileType = file.storyboard; name = Base; path = Base.lproj/LaunchScreen.storyboard; sourceTree = "<group>"; };
		A1A88E9A2554FCC00003AB46 /* Info.plist */ = {isa = PBXFileReference; lastKnownFileType = text.plist.xml; path = Info.plist; sourceTree = "<group>"; };
		A1A88EA22555022B0003AB46 /* SectionData.swift */ = {isa = PBXFileReference; lastKnownFileType = sourcecode.swift; path = SectionData.swift; sourceTree = "<group>"; };
		A1A88EA925550BA80003AB46 /* CardCell.swift */ = {isa = PBXFileReference; lastKnownFileType = sourcecode.swift; path = CardCell.swift; sourceTree = "<group>"; };
/* End PBXFileReference section */

/* Begin PBXFrameworksBuildPhase section */
		A1A88E862554FCBE0003AB46 /* Frameworks */ = {
			isa = PBXFrameworksBuildPhase;
			buildActionMask = 2147483647;
			files = (
			);
			runOnlyForDeploymentPostprocessing = 0;
		};
/* End PBXFrameworksBuildPhase section */

/* Begin PBXGroup section */
		A16B9C2025573E0900D887F1 /* TableView2 */ = {
			isa = PBXGroup;
			children = (
				A16B9C2925574A2100D887F1 /* Models */,
				A16B9C25255749F100D887F1 /* Controllers */,
				A16B9C2E25574BBE00D887F1 /* Views */,
			);
			path = TableView2;
			sourceTree = "<group>";
		};
		A16B9C25255749F100D887F1 /* Controllers */ = {
			isa = PBXGroup;
			children = (
				A16B9C2125573EED00D887F1 /* YourAccountTableViewController.swift */,
			);
			path = Controllers;
			sourceTree = "<group>";
		};
		A16B9C2925574A2100D887F1 /* Models */ = {
			isa = PBXGroup;
			children = (
				A16B9C2625574A1100D887F1 /* SocialAccountModel.swift */,
			);
			path = Models;
			sourceTree = "<group>";
		};
		A16B9C2E25574BBE00D887F1 /* Views */ = {
			isa = PBXGroup;
			children = (
				A16B9C2B25574B6100D887F1 /* SocialAccountCell.swift */,
			);
			path = Views;
			sourceTree = "<group>";
		};
		A19ACDBD25560AF9009C04AF /* TableView1 */ = {
			isa = PBXGroup;
			children = (
				A1A88EA52555022E0003AB46 /* Models */,
				A1A88EA8255506450003AB46 /* Controllers */,
				A1A88EAD25550BE90003AB46 /* Views */,
			);
			path = TableView1;
			sourceTree = "<group>";
		};
		A1A88E802554FCBE0003AB46 = {
			isa = PBXGroup;
			children = (
				A1A88E8B2554FCBE0003AB46 /* PrettyTableView */,
				A1A88E8A2554FCBE0003AB46 /* Products */,
			);
			sourceTree = "<group>";
		};
		A1A88E8A2554FCBE0003AB46 /* Products */ = {
			isa = PBXGroup;
			children = (
				A1A88E892554FCBE0003AB46 /* PrettyTableView.app */,
			);
			name = Products;
			sourceTree = "<group>";
		};
		A1A88E8B2554FCBE0003AB46 /* PrettyTableView */ = {
			isa = PBXGroup;
			children = (
				A1A88E8C2554FCBE0003AB46 /* AppDelegate.swift */,
				A1A88E8E2554FCBE0003AB46 /* SceneDelegate.swift */,
				A19ACDBD25560AF9009C04AF /* TableView1 */,
				A16B9C2025573E0900D887F1 /* TableView2 */,
				A1A88E922554FCBE0003AB46 /* Main.storyboard */,
				A1A88E952554FCC00003AB46 /* Assets.xcassets */,
				A1A88E972554FCC00003AB46 /* LaunchScreen.storyboard */,
				A1A88E9A2554FCC00003AB46 /* Info.plist */,
			);
			path = PrettyTableView;
			sourceTree = "<group>";
		};
		A1A88EA52555022E0003AB46 /* Models */ = {
			isa = PBXGroup;
			children = (
				A1A88EA22555022B0003AB46 /* SectionData.swift */,
			);
			path = Models;
			sourceTree = "<group>";
		};
		A1A88EA8255506450003AB46 /* Controllers */ = {
			isa = PBXGroup;
			children = (
				A1A88E902554FCBE0003AB46 /* TableViewController.swift */,
				A19ACDB52555D789009C04AF /* ImageController.swift */,
			);
			path = Controllers;
			sourceTree = "<group>";
		};
		A1A88EAD25550BE90003AB46 /* Views */ = {
			isa = PBXGroup;
			children = (
				A1A88EA925550BA80003AB46 /* CardCell.swift */,
			);
			path = Views;
			sourceTree = "<group>";
		};
/* End PBXGroup section */

/* Begin PBXNativeTarget section */
		A1A88E882554FCBE0003AB46 /* PrettyTableView */ = {
			isa = PBXNativeTarget;
			buildConfigurationList = A1A88E9D2554FCC00003AB46 /* Build configuration list for PBXNativeTarget "PrettyTableView" */;
			buildPhases = (
				A1A88E852554FCBE0003AB46 /* Sources */,
				A1A88E862554FCBE0003AB46 /* Frameworks */,
				A1A88E872554FCBE0003AB46 /* Resources */,
			);
			buildRules = (
			);
			dependencies = (
			);
			name = PrettyTableView;
			productName = TableViewPractice;
			productReference = A1A88E892554FCBE0003AB46 /* PrettyTableView.app */;
			productType = "com.apple.product-type.application";
		};
/* End PBXNativeTarget section */

/* Begin PBXProject section */
		A1A88E812554FCBE0003AB46 /* Project object */ = {
			isa = PBXProject;
			attributes = {
				LastSwiftUpdateCheck = 1210;
				LastUpgradeCheck = 1210;
				TargetAttributes = {
					A1A88E882554FCBE0003AB46 = {
						CreatedOnToolsVersion = 12.1;
					};
				};
			};
			buildConfigurationList = A1A88E842554FCBE0003AB46 /* Build configuration list for PBXProject "PrettyTableView" */;
			compatibilityVersion = "Xcode 9.3";
			developmentRegion = en;
			hasScannedForEncodings = 0;
			knownRegions = (
				en,
				Base,
			);
			mainGroup = A1A88E802554FCBE0003AB46;
			productRefGroup = A1A88E8A2554FCBE0003AB46 /* Products */;
			projectDirPath = "";
			projectRoot = "";
			targets = (
				A1A88E882554FCBE0003AB46 /* PrettyTableView */,
			);
		};
/* End PBXProject section */

/* Begin PBXResourcesBuildPhase section */
		A1A88E872554FCBE0003AB46 /* Resources */ = {
			isa = PBXResourcesBuildPhase;
			buildActionMask = 2147483647;
			files = (
				A1A88E992554FCC00003AB46 /* LaunchScreen.storyboard in Resources */,
				A1A88E962554FCC00003AB46 /* Assets.xcassets in Resources */,
				A1A88E942554FCBE0003AB46 /* Main.storyboard in Resources */,
			);
			runOnlyForDeploymentPostprocessing = 0;
		};
/* End PBXResourcesBuildPhase section */

/* Begin PBXSourcesBuildPhase section */
		A1A88E852554FCBE0003AB46 /* Sources */ = {
			isa = PBXSourcesBuildPhase;
			buildActionMask = 2147483647;
			files = (
				A1A88EAA25550BA80003AB46 /* CardCell.swift in Sources */,
				A1A88E912554FCBE0003AB46 /* TableViewController.swift in Sources */,
				A16B9C2225573EED00D887F1 /* YourAccountTableViewController.swift in Sources */,
				A1A88E8D2554FCBE0003AB46 /* AppDelegate.swift in Sources */,
				A16B9C2725574A1100D887F1 /* SocialAccountModel.swift in Sources */,
				A16B9C2C25574B6100D887F1 /* SocialAccountCell.swift in Sources */,
				A1A88E8F2554FCBE0003AB46 /* SceneDelegate.swift in Sources */,
				A1A88EA32555022B0003AB46 /* SectionData.swift in Sources */,
				A19ACDB62555D789009C04AF /* ImageController.swift in Sources */,
			);
			runOnlyForDeploymentPostprocessing = 0;
		};
/* End PBXSourcesBuildPhase section */

/* Begin PBXVariantGroup section */
		A1A88E922554FCBE0003AB46 /* Main.storyboard */ = {
			isa = PBXVariantGroup;
			children = (
				A1A88E932554FCBE0003AB46 /* Base */,
			);
			name = Main.storyboard;
			sourceTree = "<group>";
		};
		A1A88E972554FCC00003AB46 /* LaunchScreen.storyboard */ = {
			isa = PBXVariantGroup;
			children = (
				A1A88E982554FCC00003AB46 /* Base */,
			);
			name = LaunchScreen.storyboard;
			sourceTree = "<group>";
		};
/* End PBXVariantGroup section */

/* Begin XCBuildConfiguration section */
		A1A88E9B2554FCC00003AB46 /* Debug */ = {
			isa = XCBuildConfiguration;
			buildSettings = {
				ALWAYS_SEARCH_USER_PATHS = NO;
				CLANG_ANALYZER_NONNULL = YES;
				CLANG_ANALYZER_NUMBER_OBJECT_CONVERSION = YES_AGGRESSIVE;
				CLANG_CXX_LANGUAGE_STANDARD = "gnu++14";
				CLANG_CXX_LIBRARY = "libc++";
				CLANG_ENABLE_MODULES = YES;
				CLANG_ENABLE_OBJC_ARC = YES;
				CLANG_ENABLE_OBJC_WEAK = YES;
				CLANG_WARN_BLOCK_CAPTURE_AUTORELEASING = YES;
				CLANG_WARN_BOOL_CONVERSION = YES;
				CLANG_WARN_COMMA = YES;
				CLANG_WARN_CONSTANT_CONVERSION = YES;
				CLANG_WARN_DEPRECATED_OBJC_IMPLEMENTATIONS = YES;
				CLANG_WARN_DIRECT_OBJC_ISA_USAGE = YES_ERROR;
				CLANG_WARN_DOCUMENTATION_COMMENTS = YES;
				CLANG_WARN_EMPTY_BODY = YES;
				CLANG_WARN_ENUM_CONVERSION = YES;
				CLANG_WARN_INFINITE_RECURSION = YES;
				CLANG_WARN_INT_CONVERSION = YES;
				CLANG_WARN_NON_LITERAL_NULL_CONVERSION = YES;
				CLANG_WARN_OBJC_IMPLICIT_RETAIN_SELF = YES;
				CLANG_WARN_OBJC_LITERAL_CONVERSION = YES;
				CLANG_WARN_OBJC_ROOT_CLASS = YES_ERROR;
				CLANG_WARN_QUOTED_INCLUDE_IN_FRAMEWORK_HEADER = YES;
				CLANG_WARN_RANGE_LOOP_ANALYSIS = YES;
				CLANG_WARN_STRICT_PROTOTYPES = YES;
				CLANG_WARN_SUSPICIOUS_MOVE = YES;
				CLANG_WARN_UNGUARDED_AVAILABILITY = YES_AGGRESSIVE;
				CLANG_WARN_UNREACHABLE_CODE = YES;
				CLANG_WARN__DUPLICATE_METHOD_MATCH = YES;
				COPY_PHASE_STRIP = NO;
				DEBUG_INFORMATION_FORMAT = dwarf;
				ENABLE_STRICT_OBJC_MSGSEND = YES;
				ENABLE_TESTABILITY = YES;
				GCC_C_LANGUAGE_STANDARD = gnu11;
				GCC_DYNAMIC_NO_PIC = NO;
				GCC_NO_COMMON_BLOCKS = YES;
				GCC_OPTIMIZATION_LEVEL = 0;
				GCC_PREPROCESSOR_DEFINITIONS = (
					"DEBUG=1",
					"$(inherited)",
				);
				GCC_WARN_64_TO_32_BIT_CONVERSION = YES;
				GCC_WARN_ABOUT_RETURN_TYPE = YES_ERROR;
				GCC_WARN_UNDECLARED_SELECTOR = YES;
				GCC_WARN_UNINITIALIZED_AUTOS = YES_AGGRESSIVE;
				GCC_WARN_UNUSED_FUNCTION = YES;
				GCC_WARN_UNUSED_VARIABLE = YES;
				IPHONEOS_DEPLOYMENT_TARGET = 14.1;
				MTL_ENABLE_DEBUG_INFO = INCLUDE_SOURCE;
				MTL_FAST_MATH = YES;
				ONLY_ACTIVE_ARCH = YES;
				SDKROOT = iphoneos;
				SWIFT_ACTIVE_COMPILATION_CONDITIONS = DEBUG;
				SWIFT_OPTIMIZATION_LEVEL = "-Onone";
			};
			name = Debug;
		};
		A1A88E9C2554FCC00003AB46 /* Release */ = {
			isa = XCBuildConfiguration;
			buildSettings = {
				ALWAYS_SEARCH_USER_PATHS = NO;
				CLANG_ANALYZER_NONNULL = YES;
				CLANG_ANALYZER_NUMBER_OBJECT_CONVERSION = YES_AGGRESSIVE;
				CLANG_CXX_LANGUAGE_STANDARD = "gnu++14";
				CLANG_CXX_LIBRARY = "libc++";
				CLANG_ENABLE_MODULES = YES;
				CLANG_ENABLE_OBJC_ARC = YES;
				CLANG_ENABLE_OBJC_WEAK = YES;
				CLANG_WARN_BLOCK_CAPTURE_AUTORELEASING = YES;
				CLANG_WARN_BOOL_CONVERSION = YES;
				CLANG_WARN_COMMA = YES;
				CLANG_WARN_CONSTANT_CONVERSION = YES;
				CLANG_WARN_DEPRECATED_OBJC_IMPLEMENTATIONS = YES;
				CLANG_WARN_DIRECT_OBJC_ISA_USAGE = YES_ERROR;
				CLANG_WARN_DOCUMENTATION_COMMENTS = YES;
				CLANG_WARN_EMPTY_BODY = YES;
				CLANG_WARN_ENUM_CONVERSION = YES;
				CLANG_WARN_INFINITE_RECURSION = YES;
				CLANG_WARN_INT_CONVERSION = YES;
				CLANG_WARN_NON_LITERAL_NULL_CONVERSION = YES;
				CLANG_WARN_OBJC_IMPLICIT_RETAIN_SELF = YES;
				CLANG_WARN_OBJC_LITERAL_CONVERSION = YES;
				CLANG_WARN_OBJC_ROOT_CLASS = YES_ERROR;
				CLANG_WARN_QUOTED_INCLUDE_IN_FRAMEWORK_HEADER = YES;
				CLANG_WARN_RANGE_LOOP_ANALYSIS = YES;
				CLANG_WARN_STRICT_PROTOTYPES = YES;
				CLANG_WARN_SUSPICIOUS_MOVE = YES;
				CLANG_WARN_UNGUARDED_AVAILABILITY = YES_AGGRESSIVE;
				CLANG_WARN_UNREACHABLE_CODE = YES;
				CLANG_WARN__DUPLICATE_METHOD_MATCH = YES;
				COPY_PHASE_STRIP = NO;
				DEBUG_INFORMATION_FORMAT = "dwarf-with-dsym";
				ENABLE_NS_ASSERTIONS = NO;
				ENABLE_STRICT_OBJC_MSGSEND = YES;
				GCC_C_LANGUAGE_STANDARD = gnu11;
				GCC_NO_COMMON_BLOCKS = YES;
				GCC_WARN_64_TO_32_BIT_CONVERSION = YES;
				GCC_WARN_ABOUT_RETURN_TYPE = YES_ERROR;
				GCC_WARN_UNDECLARED_SELECTOR = YES;
				GCC_WARN_UNINITIALIZED_AUTOS = YES_AGGRESSIVE;
				GCC_WARN_UNUSED_FUNCTION = YES;
				GCC_WARN_UNUSED_VARIABLE = YES;
				IPHONEOS_DEPLOYMENT_TARGET = 14.1;
				MTL_ENABLE_DEBUG_INFO = NO;
				MTL_FAST_MATH = YES;
				SDKROOT = iphoneos;
				SWIFT_COMPILATION_MODE = wholemodule;
				SWIFT_OPTIMIZATION_LEVEL = "-O";
				VALIDATE_PRODUCT = YES;
			};
			name = Release;
		};
		A1A88E9E2554FCC00003AB46 /* Debug */ = {
			isa = XCBuildConfiguration;
			buildSettings = {
				ASSETCATALOG_COMPILER_APPICON_NAME = AppIcon;
				ASSETCATALOG_COMPILER_GLOBAL_ACCENT_COLOR_NAME = AccentColor;
				CODE_SIGN_STYLE = Automatic;
				DEVELOPMENT_TEAM = 33SF7T346J;
				INFOPLIST_FILE = PrettyTableView/Info.plist;
				IPHONEOS_DEPLOYMENT_TARGET = 14.1;
				LD_RUNPATH_SEARCH_PATHS = (
					"$(inherited)",
					"@executable_path/Frameworks",
				);
				PRODUCT_BUNDLE_IDENTIFIER = com.podlodki.PrettyTableView;
				PRODUCT_NAME = PrettyTableView;
				SWIFT_VERSION = 5.0;
				TARGETED_DEVICE_FAMILY = "1,2";
			};
			name = Debug;
		};
		A1A88E9F2554FCC00003AB46 /* Release */ = {
			isa = XCBuildConfiguration;
			buildSettings = {
				ASSETCATALOG_COMPILER_APPICON_NAME = AppIcon;
				ASSETCATALOG_COMPILER_GLOBAL_ACCENT_COLOR_NAME = AccentColor;
				CODE_SIGN_STYLE = Automatic;
				DEVELOPMENT_TEAM = 33SF7T346J;
				INFOPLIST_FILE = PrettyTableView/Info.plist;
				IPHONEOS_DEPLOYMENT_TARGET = 14.1;
				LD_RUNPATH_SEARCH_PATHS = (
					"$(inherited)",
					"@executable_path/Frameworks",
				);
				PRODUCT_BUNDLE_IDENTIFIER = com.podlodki.PrettyTableView;
				PRODUCT_NAME = PrettyTableView;
				SWIFT_VERSION = 5.0;
				TARGETED_DEVICE_FAMILY = "1,2";
			};
			name = Release;
		};
/* End XCBuildConfiguration section */

/* Begin XCConfigurationList section */
		A1A88E842554FCBE0003AB46 /* Build configuration list for PBXProject "PrettyTableView" */ = {
			isa = XCConfigurationList;
			buildConfigurations = (
				A1A88E9B2554FCC00003AB46 /* Debug */,
				A1A88E9C2554FCC00003AB46 /* Release */,
			);
			defaultConfigurationIsVisible = 0;
			defaultConfigurationName = Release;
		};
		A1A88E9D2554FCC00003AB46 /* Build configuration list for PBXNativeTarget "PrettyTableView" */ = {
			isa = XCConfigurationList;
			buildConfigurations = (
				A1A88E9E2554FCC00003AB46 /* Debug */,
				A1A88E9F2554FCC00003AB46 /* Release */,
			);
			defaultConfigurationIsVisible = 0;
			defaultConfigurationName = Release;
		};
/* End XCConfigurationList section */
	};
	rootObject = A1A88E812554FCBE0003AB46 /* Project object */;
}
